
Microsoft Visual Studio Solution File, Format Version 12.00
# Visual Studio Version 16
VisualStudioVersion = 16.0.31624.102
MinimumVisualStudioVersion = 10.0.40219.1
Project("{FAE04EC0-301F-11D3-BF4B-00C04F79EFBC}") = "People.Data", "People.Data\People.Data.csproj", "{2AAF11DB-B221-456A-939E-E9FE6B198713}"
EndProject
Project("{FAE04EC0-301F-11D3-BF4B-00C04F79EFBC}") = "Peopl.Web", "Peopl.Web\Peopl.Web.csproj", "{8B35F39B-4825-443F-BDAE-CB1618CE1CAE}"
EndProject
Global
	GlobalSection(SolutionConfigurationPlatforms) = preSolution
		Debug|Any CPU = Debug|Any CPU
		Release|Any CPU = Release|Any CPU
	EndGlobalSection
	GlobalSection(ProjectConfigurationPlatforms) = postSolution
		{2AAF11DB-B221-456A-939E-E9FE6B198713}.Debug|Any CPU.ActiveCfg = Debug|Any CPU
		{2AAF11DB-B221-456A-939E-E9FE6B198713}.Debug|Any CPU.Build.0 = Debug|Any CPU
		{2AAF11DB-B221-456A-939E-E9FE6B198713}.Release|Any CPU.ActiveCfg = Release|Any CPU
		{2AAF11DB-B221-456A-939E-E9FE6B198713}.Release|Any CPU.Build.0 = Release|Any CPU
		{8B35F39B-4825-443F-BDAE-CB1618CE1CAE}.Debug|Any CPU.ActiveCfg = Debug|Any CPU
		{8B35F39B-4825-443F-BDAE-CB1618CE1CAE}.Debug|Any CPU.Build.0 = Debug|Any CPU
		{8B35F39B-4825-443F-BDAE-CB1618CE1CAE}.Release|Any CPU.ActiveCfg = Release|Any CPU
		{8B35F39B-4825-443F-BDAE-CB1618CE1CAE}.Release|Any CPU.Build.0 = Release|Any CPU
	EndGlobalSection
	GlobalSection(SolutionProperties) = preSolution
		HideSolutionNode = FALSE
	EndGlobalSection
	GlobalSection(ExtensibilityGlobals) = postSolution
		SolutionGuid = {9EE049FD-0FA9-4275-9C20-1C2760BBF07C}
	EndGlobalSection
EndGlobal
